
Microsoft Visual Studio Solution File, Format Version 12.00
# Visual Studio Version 16
VisualStudioVersion = 16.0.31321.278
MinimumVisualStudioVersion = 10.0.40219.1
Project("{FAE04EC0-301F-11D3-BF4B-00C04F79EFBC}") = "Flyweight", "Flyweight\Flyweight.csproj", "{8691176D-21C8-4428-81A9-0DC23BDE8866}"
EndProject
Global
	GlobalSection(SolutionConfigurationPlatforms) = preSolution
		Debug|Any CPU = Debug|Any CPU
		Release|Any CPU = Release|Any CPU
	EndGlobalSection
	GlobalSection(ProjectConfigurationPlatforms) = postSolution
		{8691176D-21C8-4428-81A9-0DC23BDE8866}.Debug|Any CPU.ActiveCfg = Debug|Any CPU
		{8691176D-21C8-4428-81A9-0DC23BDE8866}.Debug|Any CPU.Build.0 = Debug|Any CPU
		{8691176D-21C8-4428-81A9-0DC23BDE8866}.Release|Any CPU.ActiveCfg = Release|Any CPU
		{8691176D-21C8-4428-81A9-0DC23BDE8866}.Release|Any CPU.Build.0 = Release|Any CPU
	EndGlobalSection
	GlobalSection(SolutionProperties) = preSolution
		HideSolutionNode = FALSE
	EndGlobalSection
	GlobalSection(ExtensibilityGlobals) = postSolution
		SolutionGuid = {EC417484-4F89-4BFE-B118-F1242CE1036C}
	EndGlobalSection
EndGlobal
