
Microsoft Visual Studio Solution File, Format Version 12.00
# Visual Studio Version 16
VisualStudioVersion = 16.0.31321.278
MinimumVisualStudioVersion = 10.0.40219.1
Project("{FAE04EC0-301F-11D3-BF4B-00C04F79EFBC}") = "Abstract Factory", "Abstract Factory\Abstract Factory.csproj", "{705357DC-2109-4FB4-971A-D35DEE9428C0}"
EndProject
Global
	GlobalSection(SolutionConfigurationPlatforms) = preSolution
		Debug|Any CPU = Debug|Any CPU
		Release|Any CPU = Release|Any CPU
	EndGlobalSection
	GlobalSection(ProjectConfigurationPlatforms) = postSolution
		{705357DC-2109-4FB4-971A-D35DEE9428C0}.Debug|Any CPU.ActiveCfg = Debug|Any CPU
		{705357DC-2109-4FB4-971A-D35DEE9428C0}.Debug|Any CPU.Build.0 = Debug|Any CPU
		{705357DC-2109-4FB4-971A-D35DEE9428C0}.Release|Any CPU.ActiveCfg = Release|Any CPU
		{705357DC-2109-4FB4-971A-D35DEE9428C0}.Release|Any CPU.Build.0 = Release|Any CPU
	EndGlobalSection
	GlobalSection(SolutionProperties) = preSolution
		HideSolutionNode = FALSE
	EndGlobalSection
	GlobalSection(ExtensibilityGlobals) = postSolution
		SolutionGuid = {21BF624D-5262-4368-BF16-0EB3A62AA5B5}
	EndGlobalSection
EndGlobal
